// !$*UTF8*$!
{
	archiveVersion = 1;
	classes = {
	};
	objectVersion = 56;
	objects = {

/* Begin PBXBuildFile section */
		25DC83FFA37D03C03C7D053B /* Pods_gjsljgdsl.framework in Frameworks */ = {isa = PBXBuildFile; fileRef = 888AEF271F08BEE6340363F4 /* Pods_gjsljgdsl.framework */; };
		793C86032B032F6900B65FEB /* AppDelegate.m in Sources */ = {isa = PBXBuildFile; fileRef = 793C86022B032F6900B65FEB /* AppDelegate.m */; };
		793C86062B032F6900B65FEB /* SceneDelegate.m in Sources */ = {isa = PBXBuildFile; fileRef = 793C86052B032F6900B65FEB /* SceneDelegate.m */; };
		793C86092B032F6900B65FEB /* ViewController.m in Sources */ = {isa = PBXBuildFile; fileRef = 793C86082B032F6900B65FEB /* ViewController.m */; };
		793C860C2B032F6900B65FEB /* Main.storyboard in Resources */ = {isa = PBXBuildFile; fileRef = 793C860A2B032F6900B65FEB /* Main.storyboard */; };
		793C860E2B032F6B00B65FEB /* Assets.xcassets in Resources */ = {isa = PBXBuildFile; fileRef = 793C860D2B032F6B00B65FEB /* Assets.xcassets */; };
		793C86112B032F6B00B65FEB /* LaunchScreen.storyboard in Resources */ = {isa = PBXBuildFile; fileRef = 793C860F2B032F6B00B65FEB /* LaunchScreen.storyboard */; };
		793C86142B032F6B00B65FEB /* main.m in Sources */ = {isa = PBXBuildFile; fileRef = 793C86132B032F6B00B65FEB /* main.m */; };
/* End PBXBuildFile section */

/* Begin PBXFileReference section */
		06374B18A9F681FE86AA7B35 /* Pods-gjsljgdsl.debug.xcconfig */ = {isa = PBXFileReference; includeInIndex = 1; lastKnownFileType = text.xcconfig; name = "Pods-gjsljgdsl.debug.xcconfig"; path = "Target Support Files/Pods-gjsljgdsl/Pods-gjsljgdsl.debug.xcconfig"; sourceTree = "<group>"; };
		3C827A8E705EBAC28442B4AA /* Pods-gjsljgdsl.release.xcconfig */ = {isa = PBXFileReference; includeInIndex = 1; lastKnownFileType = text.xcconfig; name = "Pods-gjsljgdsl.release.xcconfig"; path = "Target Support Files/Pods-gjsljgdsl/Pods-gjsljgdsl.release.xcconfig"; sourceTree = "<group>"; };
		793C85FE2B032F6900B65FEB /* gjsljgdsl.app */ = {isa = PBXFileReference; explicitFileType = wrapper.application; includeInIndex = 0; path = gjsljgdsl.app; sourceTree = BUILT_PRODUCTS_DIR; };
		793C86012B032F6900B65FEB /* AppDelegate.h */ = {isa = PBXFileReference; lastKnownFileType = sourcecode.c.h; path = AppDelegate.h; sourceTree = "<group>"; };
		793C86022B032F6900B65FEB /* AppDelegate.m */ = {isa = PBXFileReference; lastKnownFileType = sourcecode.c.objc; path = AppDelegate.m; sourceTree = "<group>"; };
		793C86042B032F6900B65FEB /* SceneDelegate.h */ = {isa = PBXFileReference; lastKnownFileType = sourcecode.c.h; path = SceneDelegate.h; sourceTree = "<group>"; };
		793C86052B032F6900B65FEB /* SceneDelegate.m */ = {isa = PBXFileReference; lastKnownFileType = sourcecode.c.objc; path = SceneDelegate.m; sourceTree = "<group>"; };
		793C86072B032F6900B65FEB /* ViewController.h */ = {isa = PBXFileReference; lastKnownFileType = sourcecode.c.h; path = ViewController.h; sourceTree = "<group>"; };
		793C86082B032F6900B65FEB /* ViewController.m */ = {isa = PBXFileReference; lastKnownFileType = sourcecode.c.objc; path = ViewController.m; sourceTree = "<group>"; };
		793C860B2B032F6900B65FEB /* Base */ = {isa = PBXFileReference; lastKnownFileType = file.storyboard; name = Base; path = Base.lproj/Main.storyboard; sourceTree = "<group>"; };
		793C860D2B032F6B00B65FEB /* Assets.xcassets */ = {isa = PBXFileReference; lastKnownFileType = folder.assetcatalog; path = Assets.xcassets; sourceTree = "<group>"; };
		793C86102B032F6B00B65FEB /* Base */ = {isa = PBXFileReference; lastKnownFileType = file.storyboard; name = Base; path = Base.lproj/LaunchScreen.storyboard; sourceTree = "<group>"; };
		793C86122B032F6B00B65FEB /* Info.plist */ = {isa = PBXFileReference; lastKnownFileType = text.plist.xml; path = Info.plist; sourceTree = "<group>"; };
		793C86132B032F6B00B65FEB /* main.m */ = {isa = PBXFileReference; lastKnownFileType = sourcecode.c.objc; path = main.m; sourceTree = "<group>"; };
		888AEF271F08BEE6340363F4 /* Pods_gjsljgdsl.framework */ = {isa = PBXFileReference; explicitFileType = wrapper.framework; includeInIndex = 0; path = Pods_gjsljgdsl.framework; sourceTree = BUILT_PRODUCTS_DIR; };
/* End PBXFileReference section */

/* Begin PBXFrameworksBuildPhase section */
		793C85FB2B032F6900B65FEB /* Frameworks */ = {
			isa = PBXFrameworksBuildPhase;
			buildActionMask = 2147483647;
			files = (
				25DC83FFA37D03C03C7D053B /* Pods_gjsljgdsl.framework in Frameworks */,
			);
			runOnlyForDeploymentPostprocessing = 0;
		};
/* End PBXFrameworksBuildPhase section */

/* Begin PBXGroup section */
		721800FD34F061C6B4A7D239 /* Pods */ = {
			isa = PBXGroup;
			children = (
				06374B18A9F681FE86AA7B35 /* Pods-gjsljgdsl.debug.xcconfig */,
				3C827A8E705EBAC28442B4AA /* Pods-gjsljgdsl.release.xcconfig */,
			);
			name = Pods;
			path = Pods;
			sourceTree = "<group>";
		};
		793C85F52B032F6900B65FEB = {
			isa = PBXGroup;
			children = (
				793C86002B032F6900B65FEB /* gjsljgdsl */,
				793C85FF2B032F6900B65FEB /* Products */,
				721800FD34F061C6B4A7D239 /* Pods */,
				B7596124682BA5AC07CE2C5F /* Frameworks */,
			);
			sourceTree = "<group>";
		};
		793C85FF2B032F6900B65FEB /* Products */ = {
			isa = PBXGroup;
			children = (
				793C85FE2B032F6900B65FEB /* gjsljgdsl.app */,
			);
			name = Products;
			sourceTree = "<group>";
		};
		793C86002B032F6900B65FEB /* gjsljgdsl */ = {
			isa = PBXGroup;
			children = (
				793C86012B032F6900B65FEB /* AppDelegate.h */,
				793C86022B032F6900B65FEB /* AppDelegate.m */,
				793C86042B032F6900B65FEB /* SceneDelegate.h */,
				793C86052B032F6900B65FEB /* SceneDelegate.m */,
				793C86072B032F6900B65FEB /* ViewController.h */,
				793C86082B032F6900B65FEB /* ViewController.m */,
				793C860A2B032F6900B65FEB /* Main.storyboard */,
				793C860D2B032F6B00B65FEB /* Assets.xcassets */,
				793C860F2B032F6B00B65FEB /* LaunchScreen.storyboard */,
				793C86122B032F6B00B65FEB /* Info.plist */,
				793C86132B032F6B00B65FEB /* main.m */,
			);
			path = gjsljgdsl;
			sourceTree = "<group>";
		};
		B7596124682BA5AC07CE2C5F /* Frameworks */ = {
			isa = PBXGroup;
			children = (
				888AEF271F08BEE6340363F4 /* Pods_gjsljgdsl.framework */,
			);
			name = Frameworks;
			sourceTree = "<group>";
		};
/* End PBXGroup section */

/* Begin PBXNativeTarget section */
		793C85FD2B032F6900B65FEB /* gjsljgdsl */ = {
			isa = PBXNativeTarget;
			buildConfigurationList = 793C86172B032F6B00B65FEB /* Build configuration list for PBXNativeTarget "gjsljgdsl" */;
			buildPhases = (
				68FC30DF7848C1D7DE0EE7EE /* [CP] Check Pods Manifest.lock */,
				793C85FA2B032F6900B65FEB /* Sources */,
				793C85FB2B032F6900B65FEB /* Frameworks */,
				793C85FC2B032F6900B65FEB /* Resources */,
				33CF221653991B50691708A0 /* [CP] Embed Pods Frameworks */,
			);
			buildRules = (
			);
			dependencies = (
			);
			name = gjsljgdsl;
			productName = gjsljgdsl;
			productReference = 793C85FE2B032F6900B65FEB /* gjsljgdsl.app */;
			productType = "com.apple.product-type.application";
		};
/* End PBXNativeTarget section */

/* Begin PBXProject section */
		793C85F62B032F6900B65FEB /* Project object */ = {
			isa = PBXProject;
			attributes = {
				BuildIndependentTargetsInParallel = 1;
				LastUpgradeCheck = 1500;
				TargetAttributes = {
					793C85FD2B032F6900B65FEB = {
						CreatedOnToolsVersion = 15.0.1;
					};
				};
			};
			buildConfigurationList = 793C85F92B032F6900B65FEB /* Build configuration list for PBXProject "gjsljgdsl" */;
			compatibilityVersion = "Xcode 14.0";
			developmentRegion = en;
			hasScannedForEncodings = 0;
			knownRegions = (
				en,
				Base,
			);
			mainGroup = 793C85F52B032F6900B65FEB;
			productRefGroup = 793C85FF2B032F6900B65FEB /* Products */;
			projectDirPath = "";
			projectRoot = "";
			targets = (
				793C85FD2B032F6900B65FEB /* gjsljgdsl */,
			);
		};
/* End PBXProject section */

/* Begin PBXResourcesBuildPhase section */
		793C85FC2B032F6900B65FEB /* Resources */ = {
			isa = PBXResourcesBuildPhase;
			buildActionMask = 2147483647;
			files = (
				793C86112B032F6B00B65FEB /* LaunchScreen.storyboard in Resources */,
				793C860E2B032F6B00B65FEB /* Assets.xcassets in Resources */,
				793C860C2B032F6900B65FEB /* Main.storyboard in Resources */,
			);
			runOnlyForDeploymentPostprocessing = 0;
		};
/* End PBXResourcesBuildPhase section */

/* Begin PBXShellScriptBuildPhase section */
		33CF221653991B50691708A0 /* [CP] Embed Pods Frameworks */ = {
			isa = PBXShellScriptBuildPhase;
			buildActionMask = 2147483647;
			files = (
			);
			inputFileListPaths = (
				"${PODS_ROOT}/Target Support Files/Pods-gjsljgdsl/Pods-gjsljgdsl-frameworks-${CONFIGURATION}-input-files.xcfilelist",
			);
			name = "[CP] Embed Pods Frameworks";
			outputFileListPaths = (
				"${PODS_ROOT}/Target Support Files/Pods-gjsljgdsl/Pods-gjsljgdsl-frameworks-${CONFIGURATION}-output-files.xcfilelist",
			);
			runOnlyForDeploymentPostprocessing = 0;
			shellPath = /bin/sh;
			shellScript = "\"${PODS_ROOT}/Target Support Files/Pods-gjsljgdsl/Pods-gjsljgdsl-frameworks.sh\"\n";
			showEnvVarsInLog = 0;
		};
		68FC30DF7848C1D7DE0EE7EE /* [CP] Check Pods Manifest.lock */ = {
			isa = PBXShellScriptBuildPhase;
			buildActionMask = 2147483647;
			files = (
			);
			inputFileListPaths = (
			);
			inputPaths = (
				"${PODS_PODFILE_DIR_PATH}/Podfile.lock",
				"${PODS_ROOT}/Manifest.lock",
			);
			name = "[CP] Check Pods Manifest.lock";
			outputFileListPaths = (
			);
			outputPaths = (
				"$(DERIVED_FILE_DIR)/Pods-gjsljgdsl-checkManifestLockResult.txt",
			);
			runOnlyForDeploymentPostprocessing = 0;
			shellPath = /bin/sh;
			shellScript = "diff \"${PODS_PODFILE_DIR_PATH}/Podfile.lock\" \"${PODS_ROOT}/Manifest.lock\" > /dev/null\nif [ $? != 0 ] ; then\n    # print error to STDERR\n    echo \"error: The sandbox is not in sync with the Podfile.lock. Run 'pod install' or update your CocoaPods installation.\" >&2\n    exit 1\nfi\n# This output is used by Xcode 'outputs' to avoid re-running this script phase.\necho \"SUCCESS\" > \"${SCRIPT_OUTPUT_FILE_0}\"\n";
			showEnvVarsInLog = 0;
		};
/* End PBXShellScriptBuildPhase section */

/* Begin PBXSourcesBuildPhase section */
		793C85FA2B032F6900B65FEB /* Sources */ = {
			isa = PBXSourcesBuildPhase;
			buildActionMask = 2147483647;
			files = (
				793C86092B032F6900B65FEB /* ViewController.m in Sources */,
				793C86032B032F6900B65FEB /* AppDelegate.m in Sources */,
				793C86142B032F6B00B65FEB /* main.m in Sources */,
				793C86062B032F6900B65FEB /* SceneDelegate.m in Sources */,
			);
			runOnlyForDeploymentPostprocessing = 0;
		};
/* End PBXSourcesBuildPhase section */

/* Begin PBXVariantGroup section */
		793C860A2B032F6900B65FEB /* Main.storyboard */ = {
			isa = PBXVariantGroup;
			children = (
				793C860B2B032F6900B65FEB /* Base */,
			);
			name = Main.storyboard;
			sourceTree = "<group>";
		};
		793C860F2B032F6B00B65FEB /* LaunchScreen.storyboard */ = {
			isa = PBXVariantGroup;
			children = (
				793C86102B032F6B00B65FEB /* Base */,
			);
			name = LaunchScreen.storyboard;
			sourceTree = "<group>";
		};
/* End PBXVariantGroup section */

/* Begin XCBuildConfiguration section */
		793C86152B032F6B00B65FEB /* Debug */ = {
			isa = XCBuildConfiguration;
			buildSettings = {
				ALWAYS_SEARCH_USER_PATHS = NO;
				ASSETCATALOG_COMPILER_GENERATE_SWIFT_ASSET_SYMBOL_EXTENSIONS = YES;
				CLANG_ANALYZER_NONNULL = YES;
				CLANG_ANALYZER_NUMBER_OBJECT_CONVERSION = YES_AGGRESSIVE;
				CLANG_CXX_LANGUAGE_STANDARD = "gnu++20";
				CLANG_ENABLE_MODULES = YES;
				CLANG_ENABLE_OBJC_ARC = YES;
				CLANG_ENABLE_OBJC_WEAK = YES;
				CLANG_WARN_BLOCK_CAPTURE_AUTORELEASING = YES;
				CLANG_WARN_BOOL_CONVERSION = YES;
				CLANG_WARN_COMMA = YES;
				CLANG_WARN_CONSTANT_CONVERSION = YES;
				CLANG_WARN_DEPRECATED_OBJC_IMPLEMENTATIONS = YES;
				CLANG_WARN_DIRECT_OBJC_ISA_USAGE = YES_ERROR;
				CLANG_WARN_DOCUMENTATION_COMMENTS = YES;
				CLANG_WARN_EMPTY_BODY = YES;
				CLANG_WARN_ENUM_CONVERSION = YES;
				CLANG_WARN_INFINITE_RECURSION = YES;
				CLANG_WARN_INT_CONVERSION = YES;
				CLANG_WARN_NON_LITERAL_NULL_CONVERSION = YES;
				CLANG_WARN_OBJC_IMPLICIT_RETAIN_SELF = YES;
				CLANG_WARN_OBJC_LITERAL_CONVERSION = YES;
				CLANG_WARN_OBJC_ROOT_CLASS = YES_ERROR;
				CLANG_WARN_QUOTED_INCLUDE_IN_FRAMEWORK_HEADER = YES;
				CLANG_WARN_RANGE_LOOP_ANALYSIS = YES;
				CLANG_WARN_STRICT_PROTOTYPES = YES;
				CLANG_WARN_SUSPICIOUS_MOVE = YES;
				CLANG_WARN_UNGUARDED_AVAILABILITY = YES_AGGRESSIVE;
				CLANG_WARN_UNREACHABLE_CODE = YES;
				CLANG_WARN__DUPLICATE_METHOD_MATCH = YES;
				COPY_PHASE_STRIP = NO;
				DEBUG_INFORMATION_FORMAT = dwarf;
				ENABLE_STRICT_OBJC_MSGSEND = YES;
				ENABLE_TESTABILITY = YES;
				ENABLE_USER_SCRIPT_SANDBOXING = YES;
				GCC_C_LANGUAGE_STANDARD = gnu17;
				GCC_DYNAMIC_NO_PIC = NO;
				GCC_NO_COMMON_BLOCKS = YES;
				GCC_OPTIMIZATION_LEVEL = 0;
				GCC_PREPROCESSOR_DEFINITIONS = (
					"DEBUG=1",
					"$(inherited)",
				);
				GCC_WARN_64_TO_32_BIT_CONVERSION = YES;
				GCC_WARN_ABOUT_RETURN_TYPE = YES_ERROR;
				GCC_WARN_UNDECLARED_SELECTOR = YES;
				GCC_WARN_UNINITIALIZED_AUTOS = YES_AGGRESSIVE;
				GCC_WARN_UNUSED_FUNCTION = YES;
				GCC_WARN_UNUSED_VARIABLE = YES;
				IPHONEOS_DEPLOYMENT_TARGET = 17.0;
				LOCALIZATION_PREFERS_STRING_CATALOGS = YES;
				MTL_ENABLE_DEBUG_INFO = INCLUDE_SOURCE;
				MTL_FAST_MATH = YES;
				ONLY_ACTIVE_ARCH = YES;
				SDKROOT = iphoneos;
			};
			name = Debug;
		};
		793C86162B032F6B00B65FEB /* Release */ = {
			isa = XCBuildConfiguration;
			buildSettings = {
				ALWAYS_SEARCH_USER_PATHS = NO;
				ASSETCATALOG_COMPILER_GENERATE_SWIFT_ASSET_SYMBOL_EXTENSIONS = YES;
				CLANG_ANALYZER_NONNULL = YES;
				CLANG_ANALYZER_NUMBER_OBJECT_CONVERSION = YES_AGGRESSIVE;
				CLANG_CXX_LANGUAGE_STANDARD = "gnu++20";
				CLANG_ENABLE_MODULES = YES;
				CLANG_ENABLE_OBJC_ARC = YES;
				CLANG_ENABLE_OBJC_WEAK = YES;
				CLANG_WARN_BLOCK_CAPTURE_AUTORELEASING = YES;
				CLANG_WARN_BOOL_CONVERSION = YES;
				CLANG_WARN_COMMA = YES;
				CLANG_WARN_CONSTANT_CONVERSION = YES;
				CLANG_WARN_DEPRECATED_OBJC_IMPLEMENTATIONS = YES;
				CLANG_WARN_DIRECT_OBJC_ISA_USAGE = YES_ERROR;
				CLANG_WARN_DOCUMENTATION_COMMENTS = YES;
				CLANG_WARN_EMPTY_BODY = YES;
				CLANG_WARN_ENUM_CONVERSION = YES;
				CLANG_WARN_INFINITE_RECURSION = YES;
				CLANG_WARN_INT_CONVERSION = YES;
				CLANG_WARN_NON_LITERAL_NULL_CONVERSION = YES;
				CLANG_WARN_OBJC_IMPLICIT_RETAIN_SELF = YES;
				CLANG_WARN_OBJC_LITERAL_CONVERSION = YES;
				CLANG_WARN_OBJC_ROOT_CLASS = YES_ERROR;
				CLANG_WARN_QUOTED_INCLUDE_IN_FRAMEWORK_HEADER = YES;
				CLANG_WARN_RANGE_LOOP_ANALYSIS = YES;
				CLANG_WARN_STRICT_PROTOTYPES = YES;
				CLANG_WARN_SUSPICIOUS_MOVE = YES;
				CLANG_WARN_UNGUARDED_AVAILABILITY = YES_AGGRESSIVE;
				CLANG_WARN_UNREACHABLE_CODE = YES;
				CLANG_WARN__DUPLICATE_METHOD_MATCH = YES;
				COPY_PHASE_STRIP = NO;
				DEBUG_INFORMATION_FORMAT = "dwarf-with-dsym";
				ENABLE_NS_ASSERTIONS = NO;
				ENABLE_STRICT_OBJC_MSGSEND = YES;
				ENABLE_USER_SCRIPT_SANDBOXING = YES;
				GCC_C_LANGUAGE_STANDARD = gnu17;
				GCC_NO_COMMON_BLOCKS = YES;
				GCC_WARN_64_TO_32_BIT_CONVERSION = YES;
				GCC_WARN_ABOUT_RETURN_TYPE = YES_ERROR;
				GCC_WARN_UNDECLARED_SELECTOR = YES;
				GCC_WARN_UNINITIALIZED_AUTOS = YES_AGGRESSIVE;
				GCC_WARN_UNUSED_FUNCTION = YES;
				GCC_WARN_UNUSED_VARIABLE = YES;
				IPHONEOS_DEPLOYMENT_TARGET = 17.0;
				LOCALIZATION_PREFERS_STRING_CATALOGS = YES;
				MTL_ENABLE_DEBUG_INFO = NO;
				MTL_FAST_MATH = YES;
				SDKROOT = iphoneos;
				VALIDATE_PRODUCT = YES;
			};
			name = Release;
		};
		793C86182B032F6B00B65FEB /* Debug */ = {
			isa = XCBuildConfiguration;
			baseConfigurationReference = 06374B18A9F681FE86AA7B35 /* Pods-gjsljgdsl.debug.xcconfig */;
			buildSettings = {
				ASSETCATALOG_COMPILER_APPICON_NAME = AppIcon;
				ASSETCATALOG_COMPILER_GLOBAL_ACCENT_COLOR_NAME = AccentColor;
				CODE_SIGN_STYLE = Automatic;
				CURRENT_PROJECT_VERSION = 1;
				GENERATE_INFOPLIST_FILE = YES;
				INFOPLIST_FILE = gjsljgdsl/Info.plist;
				INFOPLIST_KEY_UIApplicationSupportsIndirectInputEvents = YES;
				INFOPLIST_KEY_UILaunchStoryboardName = LaunchScreen;
				INFOPLIST_KEY_UIMainStoryboardFile = Main;
				INFOPLIST_KEY_UISupportedInterfaceOrientations_iPad = "UIInterfaceOrientationPortrait UIInterfaceOrientationPortraitUpsideDown UIInterfaceOrientationLandscapeLeft UIInterfaceOrientationLandscapeRight";
				INFOPLIST_KEY_UISupportedInterfaceOrientations_iPhone = "UIInterfaceOrientationPortrait UIInterfaceOrientationLandscapeLeft UIInterfaceOrientationLandscapeRight";
				LD_RUNPATH_SEARCH_PATHS = (
					"$(inherited)",
					"@executable_path/Frameworks",
				);
				MARKETING_VERSION = 1.0;
				PRODUCT_BUNDLE_IDENTIFIER = com.appcoda.gjsljgdsl;
				PRODUCT_NAME = "$(TARGET_NAME)";
				SWIFT_EMIT_LOC_STRINGS = YES;
				TARGETED_DEVICE_FAMILY = "1,2";
			};
			name = Debug;
		};
		793C86192B032F6B00B65FEB /* Release */ = {
			isa = XCBuildConfiguration;
			baseConfigurationReference = 3C827A8E705EBAC28442B4AA /* Pods-gjsljgdsl.release.xcconfig */;
			buildSettings = {
				ASSETCATALOG_COMPILER_APPICON_NAME = AppIcon;
				ASSETCATALOG_COMPILER_GLOBAL_ACCENT_COLOR_NAME = AccentColor;
				CODE_SIGN_STYLE = Automatic;
				CURRENT_PROJECT_VERSION = 1;
				GENERATE_INFOPLIST_FILE = YES;
				INFOPLIST_FILE = gjsljgdsl/Info.plist;
				INFOPLIST_KEY_UIApplicationSupportsIndirectInputEvents = YES;
				INFOPLIST_KEY_UILaunchStoryboardName = LaunchScreen;
				INFOPLIST_KEY_UIMainStoryboardFile = Main;
				INFOPLIST_KEY_UISupportedInterfaceOrientations_iPad = "UIInterfaceOrientationPortrait UIInterfaceOrientationPortraitUpsideDown UIInterfaceOrientationLandscapeLeft UIInterfaceOrientationLandscapeRight";
				INFOPLIST_KEY_UISupportedInterfaceOrientations_iPhone = "UIInterfaceOrientationPortrait UIInterfaceOrientationLandscapeLeft UIInterfaceOrientationLandscapeRight";
				LD_RUNPATH_SEARCH_PATHS = (
					"$(inherited)",
					"@executable_path/Frameworks",
				);
				MARKETING_VERSION = 1.0;
				PRODUCT_BUNDLE_IDENTIFIER = com.appcoda.gjsljgdsl;
				PRODUCT_NAME = "$(TARGET_NAME)";
				SWIFT_EMIT_LOC_STRINGS = YES;
				TARGETED_DEVICE_FAMILY = "1,2";
			};
			name = Release;
		};
/* End XCBuildConfiguration section */

/* Begin XCConfigurationList section */
		793C85F92B032F6900B65FEB /* Build configuration list for PBXProject "gjsljgdsl" */ = {
			isa = XCConfigurationList;
			buildConfigurations = (
				793C86152B032F6B00B65FEB /* Debug */,
				793C86162B032F6B00B65FEB /* Release */,
			);
			defaultConfigurationIsVisible = 0;
			defaultConfigurationName = Release;
		};
		793C86172B032F6B00B65FEB /* Build configuration list for PBXNativeTarget "gjsljgdsl" */ = {
			isa = XCConfigurationList;
			buildConfigurations = (
				793C86182B032F6B00B65FEB /* Debug */,
				793C86192B032F6B00B65FEB /* Release */,
			);
			defaultConfigurationIsVisible = 0;
			defaultConfigurationName = Release;
		};
/* End XCConfigurationList section */
	};
	rootObject = 793C85F62B032F6900B65FEB /* Project object */;
}
